# This file is automatically @generated by Cargo.
# It is not intended for manual editing.
version = 4

[[package]]
name = "addr2line"
version = "0.26.1"
source = "registry+https://github.com/rust-lang/crates.io-index"
checksum = "59317f77929f0e679d39364702289274de2f0f0b22cbf50b2b8cff2169a0b27a"
dependencies = [
 "gimli",
]

[[package]]
name = "allocator-api2"
version = "0.2.21"
source = "registry+https://github.com/rust-lang/crates.io-index"
checksum = "683d7910e743518b0e34f1186f92494becacb047c7b6bf616c96772180fef923"

[[package]]
name = "anyhow"
version = "1.0.104"
source = "registry+https://github.com/rust-lang/crates.io-index"
checksum = "330a5ed07fa54e4702c9d6c4174f74427fc0ef6e214bbd677ae50a5099946470"

[[package]]
name = "arbitrary"
version = "1.4.2"
source = "registry+https://github.com/rust-lang/crates.io-index"
checksum = "c3d036a3c4ab069c7b410a2ce876bd74808d2d0888a82667669f8e783a898bf1"

[[package]]
name = "async-trait"
version = "0.1.92"
source = "registry+https://github.com/rust-lang/crates.io-index"
checksum = "82f6aeea286b8eb4dd3431a1be1b59d290ace00f5bfd8e2a159bc2a05e2c1667"
dependencies = [
 "proc-macro2",
 "quote",
 "syn 3.0.5",
]

[[package]]
name = "bitflags"
version = "2.13.2"
source = "registry+https://github.com/rust-lang/crates.io-index"
checksum = "3ded4057c258ba199e2d26386d3af3780957ecaee6c4ef4041c6b4b8b97c0b06"

[[package]]
name = "block-buffer"
version = "0.10.4"
source = "registry+https://github.com/rust-lang/crates.io-index"
checksum = "3078c7629b62d3f0439517fa394996acacc5cbc91c5a20d8c658e77abd503a71"
dependencies = [
 "generic-array",
]

[[package]]
name = "bumpalo"
version = "3.20.3"
source = "registry+https://github.com/rust-lang/crates.io-index"
checksum = "72f5acc6cb2ba439de613abc23857ec3d78374d8ed5ac84e9d11336e87da8649"
dependencies = [
 "allocator-api2",
]

[[package]]
name = "cc"
version = "1.4.5"
source = "registry+https://github.com/rust-lang/crates.io-index"
checksum = "005ec2760ca554fae18df7a11195552ec576cd665632a881bc011d5bb2fd4d80"
dependencies = [
 "find-msvc-tools",
 "shlex",
]

[[package]]
name = "cfg-if"
version = "1.0.4"
source = "registry+https://github.com/rust-lang/crates.io-index"
checksum = "9330f8b2ff13f34540b44e946ef35111825727b38d33286ef986142615121801"

[[package]]
name = "cobs"
version = "0.3.0"
source = "registry+https://github.com/rust-lang/crates.io-index"
checksum = "0fa961b519f0b462e3a3b4a34b64d119eeaca1d59af726fe450bbba07a9fc0a1"
dependencies = [
 "thiserror",
]

[[package]]
name = "core_detect"
version = "1.0.0"
source = "registry+https://github.com/rust-lang/crates.io-index"
checksum = "7f8f80099a98041a3d1622845c271458a2d73e688351bf3cb999266764b81d48"

[[package]]
name = "cpp_demangle"
version = "0.4.5"
source = "registry+https://github.com/rust-lang/crates.io-index"
checksum = "f2bb79cb74d735044c972aae58ed0aaa9a837e85b01106a54c39e42e97f62253"
dependencies = [
 "cfg-if",
]

[[package]]
name = "cpufeatures"
version = "0.2.17"
source = "registry+https://github.com/rust-lang/crates.io-index"
checksum = "59ed5838eebb26a2bb2e58f6d5b5316989ae9d08bab10e0e6d103e656d1b0280"
dependencies = [
 "libc",
]

[[package]]
name = "cranelift-assembler-x64"
version = "0.132.3"
source = "registry+https://github.com/rust-lang/crates.io-index"
checksum = "3d521bdbc6098937af83ef4ab6d5c07398126bc71878f7ef4ea9499977978ef5"
dependencies = [
 "cranelift-assembler-x64-meta",
]

[[package]]
name = "cranelift-assembler-x64-meta"
version = "0.132.3"
source = "registry+https://github.com/rust-lang/crates.io-index"
checksum = "3dde0b83164d4a497860af4236271178bc640512b067101e0853e4f74eaa4df5"
dependencies = [
 "cranelift-srcgen",
]

[[package]]
name = "cranelift-bforest"
version = "0.132.0"
source = "registry+https://github.com/rust-lang/crates.io-index"
checksum = "88217b08180882436d54c0133274885c590698ae854e352bede1cda041230800"
dependencies = [
 "cranelift-entity",
 "wasmtime-internal-core",
]

[[package]]
name = "cranelift-bitset"
version = "0.132.0"
source = "registry+https://github.com/rust-lang/crates.io-index"
checksum = "d5c3cf7ba29fa56e56040848e34835d4e45988b2760ef212413409af95ffd8c1"
dependencies = [
 "serde",
 "serde_derive",
 "wasmtime-internal-core",
]

[[package]]
name = "cranelift-codegen"
version = "0.132.0"
source = "registry+https://github.com/rust-lang/crates.io-index"
checksum = "ebe1aac2efd4cba2047845fce38a68519935a30e20c8a6294ba7e2f448fe722d"
dependencies = [
 "bumpalo",
 "cranelift-assembler-x64",
 "cranelift-bforest",
 "cranelift-bitset",
 "cranelift-codegen-meta",
 "cranelift-codegen-shared",
 "cranelift-control",
 "cranelift-entity",
 "cranelift-isle",
 "gimli",
 "hashbrown 0.17.1",
 "libm",
 "log",
 "pulley-interpreter",
 "regalloc2",
 "rustc-hash",
 "serde",
 "smallvec",
 "target-lexicon",
 "wasmtime-internal-core",
]

[[package]]
name = "cranelift-codegen-meta"
version = "0.132.0"
source = "registry+https://github.com/rust-lang/crates.io-index"
checksum = "0909eaf9d6f18f5bf802d50608cb4368ac340fbd03cc44f2888d1cfcc3faa64e"
dependencies = [
 "cranelift-assembler-x64-meta",
 "cranelift-codegen-shared",
 "cranelift-srcgen",
 "heck",
 "pulley-interpreter",
]

[[package]]
name = "cranelift-codegen-shared"
version = "0.132.3"
source = "registry+https://github.com/rust-lang/crates.io-index"
checksum = "a07f156b90efc94371ddb3536f76e4ab671ad2e093bfa5511e10198cadbb0c47"

[[package]]
name = "cranelift-control"
version = "0.132.3"
source = "registry+https://github.com/rust-lang/crates.io-index"
checksum = "d75a76fd9dd37dcbc3d2d2e00abe3281a7e88adc035fba3b8114cc69981576ec"
dependencies = [
 "arbitrary",
]

[[package]]
name = "cranelift-entity"
version = "0.132.0"
source = "registry+https://github.com/rust-lang/crates.io-index"
checksum = "4a55309b47e6633ab05821304206cb1e92952e845b1224985562bb7ac1e92323"
dependencies = [
 "cranelift-bitset",
 "serde",
 "serde_derive",
 "wasmtime-internal-core",
]

[[package]]
name = "cranelift-frontend"
version = "0.132.0"
source = "registry+https://github.com/rust-lang/crates.io-index"
checksum = "064d2d3533d9608f1cf44c8899cf2f7f33feb70300b0fb83e687b0d9e7b91147"
dependencies = [
 "cranelift-codegen",
 "log",
 "smallvec",
 "target-lexicon",
]

[[package]]
name = "cranelift-isle"
version = "0.132.0"
source = "registry+https://github.com/rust-lang/crates.io-index"
checksum = "1ac4e0bc095b2dab2212d1e99d7a74b62afc1485db023f1c0cb34a68758f7bd1"

[[package]]
name = "cranelift-native"
version = "0.132.0"
source = "registry+https://github.com/rust-lang/crates.io-index"
checksum = "09a40053f5cb925451dd1d57393d14ad3145c8e0786701c27b5415ebb9a3ba4f"
dependencies = [
 "cranelift-codegen",
 "libc",
 "target-lexicon",
]

[[package]]
name = "cranelift-srcgen"
version = "0.132.3"
source = "registry+https://github.com/rust-lang/crates.io-index"
checksum = "004643f39a7bec553de5263d650db30e5b9caec1d5cbe065fd732b7ec9ae40d0"

[[package]]
name = "crc32fast"
version = "1.5.2"
source = "registry+https://github.com/rust-lang/crates.io-index"
checksum = "01a7799fd6b852db0e61728dde9a204c423b44d689dbd432522543614b490e78"
dependencies = [
 "cfg-if",
]

[[package]]
name = "crypto-common"
version = "0.1.7"
source = "registry+https://github.com/rust-lang/crates.io-index"
checksum = "78c8292055d1c1df0cce5d180393dc8cce0abec0a7102adb6c7b1eef6016d60a"
dependencies = [
 "generic-array",
 "typenum",
]

[[package]]
name = "digest"
version = "0.10.7"
source = "registry+https://github.com/rust-lang/crates.io-index"
checksum = "9ed9a281f7bc9b7576e61468ba615a66a5c8cfdff42420a70aa82701a3b1e292"
dependencies = [
 "block-buffer",
 "crypto-common",
]

[[package]]
name = "either"
version = "1.18.0"
source = "registry+https://github.com/rust-lang/crates.io-index"
checksum = "252afb9ae5eaa683babdc6a068b3f5726eb19e05070c731f9b2a23a7c3e8ed34"

[[package]]
name = "embedded-io"
version = "0.4.0"
source = "registry+https://github.com/rust-lang/crates.io-index"
checksum = "ef1a6892d9eef45c8fa6b9e0086428a2cca8491aca8f787c534a3d6d0bcb3ced"

[[package]]
name = "embedded-io"
version = "0.6.1"
source = "registry+https://github.com/rust-lang/crates.io-index"
checksum = "edd0f118536f44f5ccd48bcb8b111bdc3de888b58c74639dfb034a357d0f206d"

[[package]]
name = "encoding_rs"
version = "0.8.41"
source = "registry+https://github.com/rust-lang/crates.io-index"
checksum = "7b5ef0006ac9ab233c38522f5ae99cae3625151de8f706cacee1cba4b8e2832a"
dependencies = [
 "cfg-if",
 "core_detect",
 "multiversion",
 "multiversion_no_op",
 "rustversion",
 "scopeguard",
 "simdutf8",
]

[[package]]
name = "equivalent"
version = "1.0.2"
source = "registry+https://github.com/rust-lang/crates.io-index"
checksum = "877a4ace8713b0bcf2a4e7eec82529c029f1d0619886d18145fea96c3ffe5c0f"

[[package]]
name = "errno"
version = "0.3.14"
source = "registry+https://github.com/rust-lang/crates.io-index"
checksum = "39cab71617ae0d63f51a36d69f866391735b51691dbda63cf6f96d042b63efeb"
dependencies = [
 "libc",
 "windows-sys",
]

[[package]]
name = "find-msvc-tools"
version = "0.1.12"
source = "registry+https://github.com/rust-lang/crates.io-index"
checksum = "3e0f1c7c3a72c66fd80abe965175f7523475c0489a87d3ff9d6e8c87d87a9d2d"

[[package]]
name = "fnv"
version = "1.0.7"
source = "registry+https://github.com/rust-lang/crates.io-index"
checksum = "3f9eec918d3f24069decb9af1554cad7c880e2da24a9afd88aca000531ab82c1"

[[package]]
name = "foldhash"
version = "0.2.0"
source = "registry+https://github.com/rust-lang/crates.io-index"
checksum = "77ce24cb58228fbb8aa041425bb1050850ac19177686ea6e0f41a70416f56fdb"

[[package]]
name = "futures"
version = "0.3.34"
source = "registry+https://github.com/rust-lang/crates.io-index"
checksum = "9a31d2a3fbaaeb2af2368bbdd904aa8e812d3c04a1ee10d3171f52d556e5d0a3"
dependencies = [
 "futures-channel",
 "futures-core",
 "futures-io",
 "futures-sink",
 "futures-task",
 "futures-util",
]

[[package]]
name = "futures-channel"
version = "0.3.34"
source = "registry+https://github.com/rust-lang/crates.io-index"
checksum = "b1f9e3d69d39e4862ffed03ed071a76f9a13ba1d9109d355b0f0aa6b15e393c4"
dependencies = [
 "futures-core",
 "futures-sink",
]

[[package]]
name = "futures-core"
version = "0.3.34"
source = "registry+https://github.com/rust-lang/crates.io-index"
checksum = "92d699e522242e69e3003b94ecc1f960f3a5e015aa7c5d7486e65ad01dd94f5e"

[[package]]
name = "futures-io"
version = "0.3.34"
source = "registry+https://github.com/rust-lang/crates.io-index"
checksum = "53c0fa8157de1303bfffdaa1cc2a673bfffb60102f76b0ef4441659124373fed"

[[package]]
name = "futures-sink"
version = "0.3.34"
source = "registry+https://github.com/rust-lang/crates.io-index"
checksum = "1944426bf7d03f1d14f708785e4b33efd750b36d48a157b836b3efc15ede8e1d"

[[package]]
name = "futures-task"
version = "0.3.34"
source = "registry+https://github.com/rust-lang/crates.io-index"
checksum = "cd417de3d1d015fc3bfd2b1ea46dfc7bab72ef86f1cc7cc9c78e728b34a6d1fd"

[[package]]
name = "futures-util"
version = "0.3.34"
source = "registry+https://github.com/rust-lang/crates.io-index"
checksum = "0d50a92467f8ba5dd6e3ee5d4bd04d73ab2e4e1c44474a0674821dfce14b79bc"
dependencies = [
 "futures-channel",
 "futures-core",
 "futures-io",
 "futures-sink",
 "futures-task",
 "memchr",
 "pin-project-lite",
 "slab",
]

[[package]]
name = "generic-array"
version = "0.14.7"
source = "registry+https://github.com/rust-lang/crates.io-index"
checksum = "85649ca51fd72272d7821adaf274ad91c288277713d9c18820d8499a7ff69e9a"
dependencies = [
 "typenum",
 "version_check",
]

[[package]]
name = "gimli"
version = "0.33.0"
source = "registry+https://github.com/rust-lang/crates.io-index"
checksum = "0bf7f043f89559805f8c7cacc432749b2fa0d0a0a9ee46ce47164ed5ba7f126c"
dependencies = [
 "fnv",
 "hashbrown 0.16.1",
 "indexmap",
 "stable_deref_trait",
]

[[package]]
name = "hashbrown"
version = "0.16.1"
source = "registry+https://github.com/rust-lang/crates.io-index"
checksum = "841d1cc9bed7f9236f321df977030373f4a4163ae1a7dbfe1a51a2c1a51d9100"

[[package]]
name = "hashbrown"
version = "0.17.1"
source = "registry+https://github.com/rust-lang/crates.io-index"
checksum = "ed5909b6e89a2db4456e54cd5f673791d7eca6732202bbf2a9cc504fe2f9b84a"
dependencies = [
 "foldhash",
 "serde",
 "serde_core",
]

[[package]]
name = "heck"
version = "0.5.0"
source = "registry+https://github.com/rust-lang/crates.io-index"
checksum = "2304e00983f87ffb38b55b444b5e3b60a884b5d30c0fca7d82fe33449bbe55ea"

[[package]]
name = "id-arena"
version = "2.3.0"
source = "registry+https://github.com/rust-lang/crates.io-index"
checksum = "3d3067d79b975e8844ca9eb072e16b31c3c1c36928edf9c6789548c524d0d954"

[[package]]
name = "indexmap"
version = "2.14.2"
source = "registry+https://github.com/rust-lang/crates.io-index"
checksum = "cc4e190f5d26ca7051642629da2c52fc03bde85a03197c99408dcd291734c855"
dependencies = [
 "equivalent",
 "hashbrown 0.17.1",
 "serde",
 "serde_core",
]

[[package]]
name = "itertools"
version = "0.14.0"
source = "registry+https://github.com/rust-lang/crates.io-index"
checksum = "2b192c782037fadd9cfa75548310488aabdbf3d2da73885b31bd0abd03351285"
dependencies = [
 "either",
]

[[package]]
name = "itoa"
version = "1.0.18"
source = "registry+https://github.com/rust-lang/crates.io-index"
checksum = "8f42a60cbdf9a97f5d2305f08a87dc4e09308d1276d28c869c684d7777685682"

[[package]]
name = "kernal-component-tools"
version = "0.1.0"
dependencies = [
 "anyhow",
 "wasm-encoder 0.251.0",
 "wasmparser 0.251.0",
 "wasmtime",
 "wit-component",
]

[[package]]
name = "leb128fmt"
version = "0.1.0"
source = "registry+https://github.com/rust-lang/crates.io-index"
checksum = "09edd9e8b54e49e587e4f6295a7d29c3ea94d469cb40ab8ca70b288248a81db2"

[[package]]
name = "libc"
version = "0.2.189"
source = "registry+https://github.com/rust-lang/crates.io-index"
checksum = "3eaf3ede3fee6db1a4c2ee091bf8a8b4dccdc6d17f656fb07896ee72867612f2"

[[package]]
name = "libm"
version = "0.2.16"
source = "registry+https://github.com/rust-lang/crates.io-index"
checksum = "b6d2cec3eae94f9f509c767b45932f1ada8350c4bdb85af2fcab4a3c14807981"

[[package]]
name = "linux-raw-sys"
version = "0.12.1"
source = "registry+https://github.com/rust-lang/crates.io-index"
checksum = "32a66949e030da00e8c7d4434b251670a91556f4144941d37452769c25d58a53"

[[package]]
name = "log"
version = "0.4.34"
source = "registry+https://github.com/rust-lang/crates.io-index"
checksum = "f9f8bd3e56ce4dfc153cf470fffbfa98c7620958b312ca5c3a4b8d5181fd13c6"

[[package]]
name = "mach2"
version = "0.4.3"
source = "registry+https://github.com/rust-lang/crates.io-index"
checksum = "d640282b302c0bb0a2a8e0233ead9035e3bed871f0b7e81fe4a1ec829765db44"
dependencies = [
 "libc",
]

[[package]]
name = "memchr"
version = "2.8.3"
source = "registry+https://github.com/rust-lang/crates.io-index"
checksum = "cf8baf1c55e62ffcace7a9f06f4bd9cd3f0c4beb022d3b367256b91b87513d98"

[[package]]
name = "memfd"
version = "0.6.6"
source = "registry+https://github.com/rust-lang/crates.io-index"
checksum = "57804b2c9b69967f1536a56f86297e367a33b19e98852ed624b84551cdbc0d90"
dependencies = [
 "rustix",
]

[[package]]
name = "multiversion"
version = "0.9.0"
source = "registry+https://github.com/rust-lang/crates.io-index"
checksum = "b4ca4bea16ffc3f443cf7d866912118196bfef4c6a1556ca00f9f9b00bb43f7c"
dependencies = [
 "multiversion-macros",
]

[[package]]
name = "multiversion-macros"
version = "0.9.0"
source = "registry+https://github.com/rust-lang/crates.io-index"
checksum = "0d416831a7317ef4b08bee00b69cbbb9c8763da7959a7026244d6266869f9c83"
dependencies = [
 "proc-macro2",
 "quote",
 "rustversion",
 "syn 3.0.5",
]

[[package]]
name = "multiversion_no_op"
version = "1.0.0"
source = "registry+https://github.com/rust-lang/crates.io-index"
checksum = "743fb55ba31b18fb1ecef6bdc9aa2743314978ac084044301a7eee33fb99a20d"

[[package]]
name = "object"
version = "0.39.1"
source = "registry+https://github.com/rust-lang/crates.io-index"
checksum = "2e5a6c098c7a3b6547378093f5cc30bc54fd361ce711e05293a5cc589562739b"
dependencies = [
 "crc32fast",
 "hashbrown 0.17.1",
 "indexmap",
 "memchr",
]

[[package]]
name = "once_cell"
version = "1.21.4"
source = "registry+https://github.com/rust-lang/crates.io-index"
checksum = "9f7c3e4beb33f85d45ae3e3a1792185706c8e16d043238c593331cc7cd313b50"

[[package]]
name = "pin-project-lite"
version = "0.2.17"
source = "registry+https://github.com/rust-lang/crates.io-index"
checksum = "a89322df9ebe1c1578d689c92318e070967d1042b512afbe49518723f4e6d5cd"

[[package]]
name = "postcard"
version = "1.1.3"
source = "registry+https://github.com/rust-lang/crates.io-index"
checksum = "6764c3b5dd454e283a30e6dfe78e9b31096d9e32036b5d1eaac7a6119ccb9a24"
dependencies = [
 "cobs",
 "embedded-io 0.4.0",
 "embedded-io 0.6.1",
 "serde",
]

[[package]]
name = "proc-macro2"
version = "1.0.107"
source = "registry+https://github.com/rust-lang/crates.io-index"
checksum = "985e7ec9bb745e6ce6535b544d84d6cd6f7ad8bd711c398938ae983b91a766d9"
dependencies = [
 "unicode-ident",
]

[[package]]
name = "pulley-interpreter"
version = "45.0.0"
source = "registry+https://github.com/rust-lang/crates.io-index"
checksum = "e9204ad9435f2a6fe3bd13bba52389fb8488fa20ba497e35c5d2db638166019d"
dependencies = [
 "cranelift-bitset",
 "log",
 "pulley-macros",
 "wasmtime-internal-core",
]

[[package]]
name = "pulley-macros"
version = "45.0.0"
source = "registry+https://github.com/rust-lang/crates.io-index"
checksum = "53009b033747e0d79a76549a744da58e84c9da8076492c7e6d491fdc6cc41b95"
dependencies = [
 "proc-macro2",
 "quote",
 "syn 2.0.119",
]

[[package]]
name = "quote"
version = "1.0.47"
source = "registry+https://github.com/rust-lang/crates.io-index"
checksum = "1fbf4db142a473a8d80c26bbf18454ed458bf8d26c8219c331daecfdbd079001"
dependencies = [
 "proc-macro2",
]

[[package]]
name = "regalloc2"
version = "0.15.2"
source = "registry+https://github.com/rust-lang/crates.io-index"
checksum = "757712e8e61590d6d4f5d563483755538b5aa13467837a3b41cd9832509a7f85"
dependencies = [
 "allocator-api2",
 "bumpalo",
 "hashbrown 0.17.1",
 "log",
 "rustc-hash",
 "smallvec",
]

[[package]]
name = "rustc-demangle"
version = "0.1.28"
source = "registry+https://github.com/rust-lang/crates.io-index"
checksum = "b74b56ffa8bb2830709a538c2cbcae9aa062db0d2a42563bfb09bdaae44020eb"

[[package]]
name = "rustc-hash"
version = "2.1.3"
source = "registry+https://github.com/rust-lang/crates.io-index"
checksum = "6b1e7f9a428571be2dc5bc0505c13fb6bf936822b894ec87abf8a08a4e51742d"

[[package]]
name = "rustix"
version = "1.1.4"
source = "registry+https://github.com/rust-lang/crates.io-index"
checksum = "b6fe4565b9518b83ef4f91bb47ce29620ca828bd32cb7e408f0062e9930ba190"
dependencies = [
 "bitflags",
 "errno",
 "libc",
 "linux-raw-sys",
 "windows-sys",
]

[[package]]
name = "rustversion"
version = "1.0.23"
source = "registry+https://github.com/rust-lang/crates.io-index"
checksum = "cf54715a573b99ac80df0bc206da022bcd442c974952c7b9720069370852e21f"

[[package]]
name = "scopeguard"
version = "1.2.0"
source = "registry+https://github.com/rust-lang/crates.io-index"
checksum = "94143f37725109f92c262ed2cf5e59bce7498c01bcc1502d7b9afe439a4e9f49"

[[package]]
name = "semver"
version = "1.0.28"
source = "registry+https://github.com/rust-lang/crates.io-index"
checksum = "8a7852d02fc848982e0c167ef163aaff9cd91dc640ba85e263cb1ce46fae51cd"
dependencies = [
 "serde",
 "serde_core",
]

[[package]]
name = "serde"
version = "1.0.229"
source = "registry+https://github.com/rust-lang/crates.io-index"
checksum = "4148590afebada386688f18773da617792bf2ef03ffc1e4cbd2b1d45b023e0ba"
dependencies = [
 "serde_core",
 "serde_derive",
]

[[package]]
name = "serde_core"
version = "1.0.229"
source = "registry+https://github.com/rust-lang/crates.io-index"
checksum = "67dca2c9c51e58a4791a4b1ed58308b39c64224d349a935ab5039aa360942a48"
dependencies = [
 "serde_derive",
]

[[package]]
name = "serde_derive"
version = "1.0.229"
source = "registry+https://github.com/rust-lang/crates.io-index"
checksum = "e7a5d71263a5a7d47b41f6b3f06ba276f10cc18b0931f1799f710578e2309348"
dependencies = [
 "proc-macro2",
 "quote",
 "syn 3.0.5",
]

[[package]]
name = "serde_json"
version = "1.0.151"
source = "registry+https://github.com/rust-lang/crates.io-index"
checksum = "c841b55ecdae098c80dcae9cf767f6f8a0c2cdb3416bbef72181df4d0fe73f14"
dependencies = [
 "itoa",
 "memchr",
 "serde",
 "serde_core",
 "zmij",
]

[[package]]
name = "sha2"
version = "0.10.9"
source = "registry+https://github.com/rust-lang/crates.io-index"
checksum = "a7507d819769d01a365ab707794a4084392c824f54a7a6a7862f8c3d0892b283"
dependencies = [
 "cfg-if",
 "cpufeatures",
 "digest",
]

[[package]]
name = "shlex"
version = "2.0.1"
source = "registry+https://github.com/rust-lang/crates.io-index"
checksum = "f8fadd59c855ef2080decdef8ff161eb6661b86933c9d82e5ba29dc602a55aba"

[[package]]
name = "simdutf8"
version = "0.1.5"
source = "registry+https://github.com/rust-lang/crates.io-index"
checksum = "e3a9fe34e3e7a50316060351f37187a3f546bce95496156754b601a5fa71b76e"

[[package]]
name = "slab"
version = "0.4.12"
source = "registry+https://github.com/rust-lang/crates.io-index"
checksum = "0c790de23124f9ab44544d7ac05d60440adc586479ce501c1d6d7da3cd8c9cf5"

[[package]]
name = "smallvec"
version = "1.16.1"
source = "registry+https://github.com/rust-lang/crates.io-index"
checksum = "ba467056f1b547ed52077911161fc86985becbc60e8e1857c8a144dab0def891"
dependencies = [
 "serde",
]

[[package]]
name = "stable_deref_trait"
version = "1.2.1"
source = "registry+https://github.com/rust-lang/crates.io-index"
checksum = "6ce2be8dc25455e1f91df71bfa12ad37d7af1092ae736f3a6cd0e37bc7810596"

[[package]]
name = "syn"
version = "2.0.119"
source = "registry+https://github.com/rust-lang/crates.io-index"
checksum = "872831b642d1a07999a962a351ed35b955ea2cfc8f3862091e2a240a84f17297"
dependencies = [
 "proc-macro2",
 "quote",
 "unicode-ident",
]

[[package]]
name = "syn"
version = "3.0.5"
source = "registry+https://github.com/rust-lang/crates.io-index"
checksum = "12df2e0110f65b775f769bb17ef989067a1d931b2eb822bd4346631eeada89f9"
dependencies = [
 "proc-macro2",
 "quote",
 "unicode-ident",
]

[[package]]
name = "target-lexicon"
version = "0.13.5"
source = "registry+https://github.com/rust-lang/crates.io-index"
checksum = "adb6935a6f5c20170eeceb1a3835a49e12e19d792f6dd344ccc76a985ca5a6ca"

[[package]]
name = "termcolor"
version = "1.4.1"
source = "registry+https://github.com/rust-lang/crates.io-index"
checksum = "06794f8f6c5c898b3275aebefa6b8a1cb24cd2c6c79397ab15774837a0bc5755"
dependencies = [
 "winapi-util",
]

[[package]]
name = "thiserror"
version = "2.0.20"
source = "registry+https://github.com/rust-lang/crates.io-index"
checksum = "ec86235f5fcc2a73650310756d2ac5b138a5780bbbdfae3eeccec992c435ba4f"
dependencies = [
 "thiserror-impl",
]

[[package]]
name = "thiserror-impl"
version = "2.0.20"
source = "registry+https://github.com/rust-lang/crates.io-index"
checksum = "bc04cd3e1236dd4a98afca4569f2deb3f120e5422a4023be2cb683f8486292af"
dependencies = [
 "proc-macro2",
 "quote",
 "syn 3.0.5",
]

[[package]]
name = "typenum"
version = "1.20.1"
source = "registry+https://github.com/rust-lang/crates.io-index"
checksum = "b6f5e870be6c3b371b77fe0ee0bafb859fa4964b4404c27de1d380043c4dda20"

[[package]]
name = "unicode-ident"
version = "1.0.24"
source = "registry+https://github.com/rust-lang/crates.io-index"
checksum = "e6e4313cd5fcd3dad5cafa179702e2b244f760991f45397d14d4ebf38247da75"

[[package]]
name = "unicode-xid"
version = "0.2.6"
source = "registry+https://github.com/rust-lang/crates.io-index"
checksum = "ebc1c04c71510c7f702b52b7c350734c9ff1295c464a03335b00bb84fc54f853"

[[package]]
name = "version_check"
version = "0.9.5"
source = "registry+https://github.com/rust-lang/crates.io-index"
checksum = "0b928f33d975fc6ad9f86c8f283853ad26bdd5b10b7f1542aa2fa15e2289105a"

[[package]]
name = "wasm-encoder"
version = "0.248.0"
source = "registry+https://github.com/rust-lang/crates.io-index"
checksum = "ac92cf547bc18d27ecc521015c08c353b4f18b84ab388bb6d1b6b682c620d9b6"
dependencies = [
 "leb128fmt",
 "wasmparser 0.248.0",
]

[[package]]
name = "wasm-encoder"
version = "0.251.0"
source = "registry+https://github.com/rust-lang/crates.io-index"
checksum = "5a879a421bd17c528b74721b2abf4c62e8f1d1889c2ba8c3c50d02deaf2ce395"
dependencies = [
 "leb128fmt",
 "wasmparser 0.251.0",
]

[[package]]
name = "wasm-metadata"
version = "0.251.0"
source = "registry+https://github.com/rust-lang/crates.io-index"
checksum = "5f998ccc6e012f7b86865eb2a106c8a0422017a1a88977ce01a69f2244be2e57"
dependencies = [
 "anyhow",
 "indexmap",
 "wasm-encoder 0.251.0",
 "wasmparser 0.251.0",
]

[[package]]
name = "wasmparser"
version = "0.248.0"
source = "registry+https://github.com/rust-lang/crates.io-index"
checksum = "aa4439c5eee9df71ee0c6efb37f63b1fcb1fec38f85f5142c54e7ed05d33091a"
dependencies = [
 "bitflags",
 "hashbrown 0.17.1",
 "indexmap",
 "semver",
 "serde",
]

[[package]]
name = "wasmparser"
version = "0.251.0"
source = "registry+https://github.com/rust-lang/crates.io-index"
checksum = "437970b35b1a85cfde9c74b2398352d8d653f3bd8e3a3db0c063ea8f5b4b36ff"
dependencies = [
 "bitflags",
 "hashbrown 0.17.1",
 "indexmap",
 "semver",
 "serde",
]

[[package]]
name = "wasmprinter"
version = "0.248.0"
source = "registry+https://github.com/rust-lang/crates.io-index"
checksum = "30b264a5410b008d4d199a92bf536eae703cbd614482fc1ec53831cf19e1c183"
dependencies = [
 "anyhow",
 "termcolor",
 "wasmparser 0.248.0",
]

[[package]]
name = "wasmtime"
version = "45.0.0"
source = "registry+https://github.com/rust-lang/crates.io-index"
checksum = "d35aec1e932d00a7c941f816ad589e65ad8db948b9e971bf8ec655a1669f1f67"
dependencies = [
 "addr2line",
 "async-trait",
 "bitflags",
 "bumpalo",
 "cc",
 "cfg-if",
 "encoding_rs",
 "futures",
 "libc",
 "log",
 "mach2",
 "memfd",
 "object",
 "once_cell",
 "postcard",
 "pulley-interpreter",
 "rustix",
 "semver",
 "serde",
 "serde_derive",
 "smallvec",
 "target-lexicon",
 "wasmparser 0.248.0",
 "wasmtime-environ",
 "wasmtime-internal-component-macro",
 "wasmtime-internal-component-util",
 "wasmtime-internal-core",
 "wasmtime-internal-cranelift",
 "wasmtime-internal-fiber",
 "wasmtime-internal-jit-debug",
 "wasmtime-internal-jit-icache-coherence",
 "wasmtime-internal-unwinder",
 "wasmtime-internal-versioned-export-macros",
 "wasmtime-internal-winch",
 "windows-sys",
]

[[package]]
name = "wasmtime-environ"
version = "45.0.0"
source = "registry+https://github.com/rust-lang/crates.io-index"
checksum = "d7da3dcce82a7e784121c19c8c9c5f69a743088264ff5212033e4a1f1b9dfaaf"
dependencies = [
 "anyhow",
 "cpp_demangle",
 "cranelift-bforest",
 "cranelift-bitset",
 "cranelift-entity",
 "gimli",
 "hashbrown 0.17.1",
 "indexmap",
 "log",
 "object",
 "postcard",
 "rustc-demangle",
 "semver",
 "serde",
 "serde_derive",
 "sha2",
 "smallvec",
 "target-lexicon",
 "wasm-encoder 0.248.0",
 "wasmparser 0.248.0",
 "wasmprinter",
 "wasmtime-internal-component-util",
 "wasmtime-internal-core",
]

[[package]]
name = "wasmtime-internal-component-macro"
version = "45.0.0"
source = "registry+https://github.com/rust-lang/crates.io-index"
checksum = "86991f201391afc1504e4fc363dc29b66f92af0287b4ac2efc3c0b0c19435eeb"
dependencies = [
 "anyhow",
 "proc-macro2",
 "quote",
 "syn 2.0.119",
 "wasmtime-internal-component-util",
 "wasmtime-internal-wit-bindgen",
 "wit-parser 0.248.0",
]

[[package]]
name = "wasmtime-internal-component-util"
version = "45.0.0"
source = "registry+https://github.com/rust-lang/crates.io-index"
checksum = "47fda091250d7ab839ea51e4d98190b6eee37e9de4ab2462e8fe8465369c1986"

[[package]]
name = "wasmtime-internal-core"
version = "45.0.0"
source = "registry+https://github.com/rust-lang/crates.io-index"
checksum = "1bdae4b55b15a23d774b15f6e7cd90ae0d0aa17c47c12b4db098b3dd11ba9d58"
dependencies = [
 "hashbrown 0.17.1",
 "libm",
 "serde",
]

[[package]]
name = "wasmtime-internal-cranelift"
version = "45.0.0"
source = "registry+https://github.com/rust-lang/crates.io-index"
checksum = "5773b36b87566239b020f1d01aa753a35626df85030485e40e36fc42a97acf4f"
dependencies = [
 "cfg-if",
 "cranelift-codegen",
 "cranelift-control",
 "cranelift-entity",
 "cranelift-frontend",
 "cranelift-native",
 "gimli",
 "itertools",
 "log",
 "object",
 "pulley-interpreter",
 "smallvec",
 "target-lexicon",
 "thiserror",
 "wasmparser 0.248.0",
 "wasmtime-environ",
 "wasmtime-internal-core",
 "wasmtime-internal-unwinder",
 "wasmtime-internal-versioned-export-macros",
]

[[package]]
name = "wasmtime-internal-fiber"
version = "45.0.0"
source = "registry+https://github.com/rust-lang/crates.io-index"
checksum = "402cce4bba4c8c92a6fbaff39a6b23f8aa626d64b218ecf6dd3eeee8705cf096"
dependencies = [
 "cc",
 "cfg-if",
 "libc",
 "rustix",
 "wasmtime-environ",
 "wasmtime-internal-versioned-export-macros",
 "windows-sys",
]

[[package]]
name = "wasmtime-internal-jit-debug"
version = "45.0.0"
source = "registry+https://github.com/rust-lang/crates.io-index"
checksum = "8b426a5d0ec9c11a1a4525ed4e973b7caf40223b6d392588bb9f6468e4ae9d29"
dependencies = [
 "cc",
 "wasmtime-internal-versioned-export-macros",
]

[[package]]
name = "wasmtime-internal-jit-icache-coherence"
version = "45.0.0"
source = "registry+https://github.com/rust-lang/crates.io-index"
checksum = "8a312ba8bb77955dcd44294a223e7f124c3071ff966583d385d3f6a4639c62e3"
dependencies = [
 "cfg-if",
 "libc",
 "wasmtime-internal-core",
 "windows-sys",
]

[[package]]
name = "wasmtime-internal-unwinder"
version = "45.0.0"
source = "registry+https://github.com/rust-lang/crates.io-index"
checksum = "4a62ad422ee3cbf1e87c2242dc0717a01c7a5878fbc3a68abc4b4d2fff3e85e1"
dependencies = [
 "cfg-if",
 "cranelift-codegen",
 "log",
 "object",
 "wasmtime-environ",
]

[[package]]
name = "wasmtime-internal-versioned-export-macros"
version = "45.0.0"
source = "registry+https://github.com/rust-lang/crates.io-index"
checksum = "2c660c5b091648cffdd84a34dc24ffcdb9d027f9048fe7bd5e01896adbd0935f"
dependencies = [
 "proc-macro2",
 "quote",
 "syn 2.0.119",
]

[[package]]
name = "wasmtime-internal-winch"
version = "45.0.0"
source = "registry+https://github.com/rust-lang/crates.io-index"
checksum = "d2aceb92b48b6e3a5cc2a05ab7a2dcb565eaf86fb870d04664b7f12cf9bba39a"
dependencies = [
 "cranelift-codegen",
 "gimli",
 "log",
 "object",
 "target-lexicon",
 "wasmparser 0.248.0",
 "wasmtime-environ",
 "wasmtime-internal-cranelift",
 "winch-codegen",
]

[[package]]
name = "wasmtime-internal-wit-bindgen"
version = "45.0.0"
source = "registry+https://github.com/rust-lang/crates.io-index"
checksum = "ce382df367ad2a2d48e139b191dbca3329f7232a43057dc9efc889dac54f1b0b"
dependencies = [
 "anyhow",
 "bitflags",
 "heck",
 "indexmap",
 "wit-parser 0.248.0",
]

[[package]]
name = "winapi-util"
version = "0.1.11"
source = "registry+https://github.com/rust-lang/crates.io-index"
checksum = "c2a7b1c03c876122aa43f3020e6c3c3ee5c05081c9a00739faf7503aeba10d22"
dependencies = [
 "windows-sys",
]

[[package]]
name = "winch-codegen"
version = "45.0.0"
source = "registry+https://github.com/rust-lang/crates.io-index"
checksum = "3128bd53313b132e8737d7d318edbc438bab1abe525ac037bbf9857839e717e2"
dependencies = [
 "cranelift-assembler-x64",
 "cranelift-codegen",
 "gimli",
 "regalloc2",
 "smallvec",
 "target-lexicon",
 "thiserror",
 "wasmparser 0.248.0",
 "wasmtime-environ",
 "wasmtime-internal-core",
 "wasmtime-internal-cranelift",
]

[[package]]
name = "windows-link"
version = "0.2.1"
source = "registry+https://github.com/rust-lang/crates.io-index"
checksum = "f0805222e57f7521d6a62e36fa9163bc891acd422f971defe97d64e70d0a4fe5"

[[package]]
name = "windows-sys"
version = "0.61.2"
source = "registry+https://github.com/rust-lang/crates.io-index"
checksum = "ae137229bcbd6cdf0f7b80a31df61766145077ddf49416a728b02cb3921ff3fc"
dependencies = [
 "windows-link",
]

[[package]]
name = "wit-component"
version = "0.251.0"
source = "registry+https://github.com/rust-lang/crates.io-index"
checksum = "83a5e60173c413659c689f0581b0cf5d1a2404077568f9ffdce748a9eb2fc913"
dependencies = [
 "anyhow",
 "bitflags",
 "indexmap",
 "log",
 "serde",
 "serde_derive",
 "serde_json",
 "wasm-encoder 0.251.0",
 "wasm-metadata",
 "wasmparser 0.251.0",
 "wit-parser 0.251.0",
]

[[package]]
name = "wit-parser"
version = "0.248.0"
source = "registry+https://github.com/rust-lang/crates.io-index"
checksum = "247ad505da2915a082fe13204c5ba8788425aea1de54f43b284818cf82637856"
dependencies = [
 "anyhow",
 "hashbrown 0.17.1",
 "id-arena",
 "indexmap",
 "log",
 "semver",
 "serde",
 "serde_derive",
 "serde_json",
 "unicode-xid",
 "wasmparser 0.248.0",
]

[[package]]
name = "wit-parser"
version = "0.251.0"
source = "registry+https://github.com/rust-lang/crates.io-index"
checksum = "e960732e824fab95099971a09e638979347c94ca48568d3c854c945729196947"
dependencies = [
 "anyhow",
 "hashbrown 0.17.1",
 "id-arena",
 "indexmap",
 "log",
 "semver",
 "serde",
 "serde_derive",
 "serde_json",
 "unicode-xid",
 "wasmparser 0.251.0",
]

[[package]]
name = "zmij"
version = "1.0.23"
source = "registry+https://github.com/rust-lang/crates.io-index"
checksum = "29666d0abbfad1e3dc4dcf6144730dd3a3ab225bbbdac83319345b1b44ccfc1b"
